
Microsoft Visual Studio Solution File, Format Version 12.00
# Visual Studio Version 16
VisualStudioVersion = 16.0.29424.173
MinimumVisualStudioVersion = 10.0.40219.1
Project("{9A19103F-16F7-4668-BE54-9A1E7A4F7556}") = "rss.grpc.client", "rss.grpc.client\rss.grpc.client.csproj", "{44627BB8-8C78-471E-A3E9-259D49522D4D}"
EndProject
Project("{9A19103F-16F7-4668-BE54-9A1E7A4F7556}") = "rss.grpc.server", "..\rss.grpc.server\rss.grpc.server.csproj", "{C381F0F8-9804-4CF8-BA8E-167D12CC09BC}"
EndProject
Project("{FAE04EC0-301F-11D3-BF4B-00C04F79EFBC}") = "rss.grpc.lib", "..\rss.grpc.lib\rss.grpc.lib.csproj", "{EF4A1474-DCA0-4A07-9042-9315D960566C}"
EndProject
Global
	GlobalSection(SolutionConfigurationPlatforms) = preSolution
		Debug|Any CPU = Debug|Any CPU
		Release|Any CPU = Release|Any CPU
	EndGlobalSection
	GlobalSection(ProjectConfigurationPlatforms) = postSolution
		{44627BB8-8C78-471E-A3E9-259D49522D4D}.Debug|Any CPU.ActiveCfg = Debug|Any CPU
		{44627BB8-8C78-471E-A3E9-259D49522D4D}.Debug|Any CPU.Build.0 = Debug|Any CPU
		{44627BB8-8C78-471E-A3E9-259D49522D4D}.Release|Any CPU.ActiveCfg = Release|Any CPU
		{44627BB8-8C78-471E-A3E9-259D49522D4D}.Release|Any CPU.Build.0 = Release|Any CPU
		{C381F0F8-9804-4CF8-BA8E-167D12CC09BC}.Debug|Any CPU.ActiveCfg = Debug|Any CPU
		{C381F0F8-9804-4CF8-BA8E-167D12CC09BC}.Debug|Any CPU.Build.0 = Debug|Any CPU
		{C381F0F8-9804-4CF8-BA8E-167D12CC09BC}.Release|Any CPU.ActiveCfg = Release|Any CPU
		{C381F0F8-9804-4CF8-BA8E-167D12CC09BC}.Release|Any CPU.Build.0 = Release|Any CPU
		{EF4A1474-DCA0-4A07-9042-9315D960566C}.Debug|Any CPU.ActiveCfg = Debug|Any CPU
		{EF4A1474-DCA0-4A07-9042-9315D960566C}.Debug|Any CPU.Build.0 = Debug|Any CPU
		{EF4A1474-DCA0-4A07-9042-9315D960566C}.Release|Any CPU.ActiveCfg = Release|Any CPU
		{EF4A1474-DCA0-4A07-9042-9315D960566C}.Release|Any CPU.Build.0 = Release|Any CPU
	EndGlobalSection
	GlobalSection(SolutionProperties) = preSolution
		HideSolutionNode = FALSE
	EndGlobalSection
	GlobalSection(ExtensibilityGlobals) = postSolution
		SolutionGuid = {C5DDD145-4E9A-46EB-AACF-4785613569CF}
	EndGlobalSection
EndGlobal
